<?xml version="1.0" encoding="utf-8"?>
<Project ToolsVersion="4.0" xmlns="http://schemas.microsoft.com/developer/msbuild/2003">
  <ItemGroup>
    <Filter Include="Source Files">
      <UniqueIdentifier>{4FC737F1-C7A5-4376-A066-2A32D752A2FF}</UniqueIdentifier>
      <Extensions>cpp;c;cc;cxx;c++;cppm;ixx;def;odl;idl;hpj;bat;asm;asmx</Extensions>
    </Filter>
    <Filter Include="Header Files">
      <UniqueIdentifier>{93995380-89BD-4b04-88EB-625FBE52EBFB}</UniqueIdentifier>
      <Extensions>h;hh;hpp;hxx;h++;hm;inl;inc;ipp;xsd</Extensions>
    </Filter>
    <Filter Include="Resource Files">
      <UniqueIdentifier>{67DA6AB6-F800-4c08-8B7A-83BB121AAD01}</UniqueIdentifier>
      <Extensions>rc;ico;cur;bmp;dlg;rc2;rct;bin;rgs;gif;jpg;jpeg;jpe;resx;tiff;tif;png;wav;mfcribbon-ms</Extensions>
    </Filter>
    <Filter Include="Source Files\Engine">
      <UniqueIdentifier>{a47a7b75-18c1-49da-8180-636f99a826b3}</UniqueIdentifier>
    </Filter>
    <Filter Include="Source Files\Game">
      <UniqueIdentifier>{f6fd08c0-5009-43e4-8763-6d0af6d4c85f}</UniqueIdentifier>
    </Filter>
    <Filter Include="Source Files\Input">
      <UniqueIdentifier>{e06f6de7-cc9d-4d07-ba85-60956d68a57c}</UniqueIdentifier>
    </Filter>
    <Filter Include="Source Files\Other">
      <UniqueIdentifier>{3267b6a3-6889-45c7-8cf1-5eddf3da3af8}</UniqueIdentifier>
    </Filter>
    <Filter Include="Source Files\View">
      <UniqueIdentifier>{a1efe2b5-aec2-463c-b7e0-001dc5d153a9}</UniqueIdentifier>
    </Filter>
  </ItemGroup>
  <ItemGroup>
    <ClInclude Include="Engine.h">
      <Filter>Source Files\Engine</Filter>
    </ClInclude>
    <ClInclude Include="Game.h">
      <Filter>Source Files\Game</Filter>
    </ClInclude>
    <ClInclude Include="View.h">
      <Filter>Source Files\View</Filter>
    </ClInclude>
    <ClInclude Include="RT.h">
      <Filter>Source Files\Other</Filter>
    </ClInclude>
    <ClInclude Include="Settings.h">
      <Filter>Source Files\Other</Filter>
    </ClInclude>
    <ClInclude Include="Input.h">
      <Filter>Source Files\Input</Filter>
    </ClInclude>
    <ClInclude Include="GameInputContext.h">
      <Filter>Source Files\Game</Filter>
    </ClInclude>
    <ClInclude Include="ICMap.h">
      <Filter>Source Files\Engine</Filter>
    </ClInclude>
  </ItemGroup>
  <ItemGroup>
    <ClCompile Include="Engine.cpp">
      <Filter>Source Files\Engine</Filter>
    </ClCompile>
    <ClCompile Include="gol.cpp">
      <Filter>Source Files</Filter>
    </ClCompile>
    <ClCompile Include="View.cpp">
      <Filter>Source Files\View</Filter>
    </ClCompile>
    <ClCompile Include="Input.cpp">
      <Filter>Source Files\Input</Filter>
    </ClCompile>
    <ClCompile Include="Game.cpp">
      <Filter>Source Files\Game</Filter>
    </ClCompile>
  </ItemGroup>
</Project>